
Microsoft Visual Studio Solution File, Format Version 12.00
# Visual Studio Version 17
VisualStudioVersion = 17.9.34310.174
MinimumVisualStudioVersion = 10.0.40219.1
Project("{FAE04EC0-301F-11D3-BF4B-00C04F79EFBC}") = "eventor-invoices-cli", "eventor-invoices-cli.csproj", "{A7E0D41A-612E-4E11-A011-5DD38D811B9C}"
EndProject
Project("{FAE04EC0-301F-11D3-BF4B-00C04F79EFBC}") = "Eventor.Api", "..\Eventor.Invoices\Eventor.Api.csproj", "{081037B7-009B-41D8-9C6F-EF30D3A214E2}"
EndProject
Global
	GlobalSection(SolutionConfigurationPlatforms) = preSolution
		Debug|Any CPU = Debug|Any CPU
		Release|Any CPU = Release|Any CPU
	EndGlobalSection
	GlobalSection(ProjectConfigurationPlatforms) = postSolution
		{A7E0D41A-612E-4E11-A011-5DD38D811B9C}.Debug|Any CPU.ActiveCfg = Debug|Any CPU
		{A7E0D41A-612E-4E11-A011-5DD38D811B9C}.Debug|Any CPU.Build.0 = Debug|Any CPU
		{A7E0D41A-612E-4E11-A011-5DD38D811B9C}.Release|Any CPU.ActiveCfg = Release|Any CPU
		{A7E0D41A-612E-4E11-A011-5DD38D811B9C}.Release|Any CPU.Build.0 = Release|Any CPU
		{081037B7-009B-41D8-9C6F-EF30D3A214E2}.Debug|Any CPU.ActiveCfg = Debug|Any CPU
		{081037B7-009B-41D8-9C6F-EF30D3A214E2}.Debug|Any CPU.Build.0 = Debug|Any CPU
		{081037B7-009B-41D8-9C6F-EF30D3A214E2}.Release|Any CPU.ActiveCfg = Release|Any CPU
		{081037B7-009B-41D8-9C6F-EF30D3A214E2}.Release|Any CPU.Build.0 = Release|Any CPU
	EndGlobalSection
	GlobalSection(SolutionProperties) = preSolution
		HideSolutionNode = FALSE
	EndGlobalSection
	GlobalSection(ExtensibilityGlobals) = postSolution
		SolutionGuid = {F31A29BE-26AA-452C-87D3-5ED6DE1E096A}
	EndGlobalSection
EndGlobal
